
Microsoft Visual Studio Solution File, Format Version 12.00
# Visual Studio 15
VisualStudioVersion = 15.0.27130.2027
MinimumVisualStudioVersion = 10.0.40219.1
Project("{FAE04EC0-301F-11D3-BF4B-00C04F79EFBC}") = "TwitchChatPlugin", "TwitchChatPlugin.csproj", "{8D8871C3-33DD-479C-87F8-5954954FB92B}"
EndProject
Project("{FAE04EC0-301F-11D3-BF4B-00C04F79EFBC}") = "TwitchChatPlugin.Test", "TwitchChatPlugin.Test\TwitchChatPlugin.Test.csproj", "{2218F420-58E0-41C5-A01C-D8EF40B659AA}"
EndProject
Project("{FAE04EC0-301F-11D3-BF4B-00C04F79EFBC}") = "TwitchChatPlugin.Mock", "TwitchChatPlugin.Mock\TwitchChatPlugin.Mock.csproj", "{05B7F52D-B030-46C2-8F87-357AE781EDBC}"
EndProject
Global
	GlobalSection(SolutionConfigurationPlatforms) = preSolution
		Debug|Any CPU = Debug|Any CPU
		Release|Any CPU = Release|Any CPU
	EndGlobalSection
	GlobalSection(ProjectConfigurationPlatforms) = postSolution
		{8D8871C3-33DD-479C-87F8-5954954FB92B}.Debug|Any CPU.ActiveCfg = Debug|Any CPU
		{8D8871C3-33DD-479C-87F8-5954954FB92B}.Debug|Any CPU.Build.0 = Debug|Any CPU
		{8D8871C3-33DD-479C-87F8-5954954FB92B}.Release|Any CPU.ActiveCfg = Release|Any CPU
		{8D8871C3-33DD-479C-87F8-5954954FB92B}.Release|Any CPU.Build.0 = Release|Any CPU
		{2218F420-58E0-41C5-A01C-D8EF40B659AA}.Debug|Any CPU.ActiveCfg = Debug|Any CPU
		{2218F420-58E0-41C5-A01C-D8EF40B659AA}.Debug|Any CPU.Build.0 = Debug|Any CPU
		{2218F420-58E0-41C5-A01C-D8EF40B659AA}.Release|Any CPU.ActiveCfg = Release|Any CPU
		{2218F420-58E0-41C5-A01C-D8EF40B659AA}.Release|Any CPU.Build.0 = Release|Any CPU
		{05B7F52D-B030-46C2-8F87-357AE781EDBC}.Debug|Any CPU.ActiveCfg = Debug|Any CPU
		{05B7F52D-B030-46C2-8F87-357AE781EDBC}.Debug|Any CPU.Build.0 = Debug|Any CPU
		{05B7F52D-B030-46C2-8F87-357AE781EDBC}.Release|Any CPU.ActiveCfg = Release|Any CPU
		{05B7F52D-B030-46C2-8F87-357AE781EDBC}.Release|Any CPU.Build.0 = Release|Any CPU
	EndGlobalSection
	GlobalSection(SolutionProperties) = preSolution
		HideSolutionNode = FALSE
	EndGlobalSection
	GlobalSection(ExtensibilityGlobals) = postSolution
		SolutionGuid = {DB46D032-617B-4B17-815F-89CB186EB987}
	EndGlobalSection
EndGlobal
